<?xml version="1.0" encoding="utf-8"?>
<Project ToolsVersion="4.0" xmlns="http://schemas.microsoft.com/developer/msbuild/2003">
  <ItemGroup>
    <ClCompile Include="pch.cpp" />
    <ClCompile Include="Test\Test_compute_default_alignment.cpp">
      <Filter>Test</Filter>
    </ClCompile>
    <ClCompile Include="Test\Test_compute_matrix_flags.cpp">
      <Filter>Test</Filter>
    </ClCompile>
    <ClCompile Include="Test\Test_find_best_packet.cpp">
      <Filter>Test</Filter>
    </ClCompile>
    <ClCompile Include="Test\Test_packet_traits.cpp">
      <Filter>Test</Filter>
    </ClCompile>
    <ClCompile Include="Test\Test_traits.cpp">
      <Filter>Test</Filter>
    </ClCompile>
    <ClCompile Include="Test\TestDenseCoeffsBase.cpp">
      <Filter>Test</Filter>
    </ClCompile>
    <ClCompile Include="Test\TestEigenBase.cpp">
      <Filter>Test</Filter>
    </ClCompile>
    <ClCompile Include="Test\TestSupportAvx512.cpp">
      <Filter>Test</Filter>
    </ClCompile>
    <ClCompile Include="Test\TEST_EIGEN_MAKE_UNALIGNED_ARRAY_ASSERT.cpp">
      <Filter>Test</Filter>
    </ClCompile>
    <ClCompile Include="Test\Test_plain_array.cpp">
      <Filter>Test</Filter>
    </ClCompile>
    <ClCompile Include="Test\Test_EIGEN_ALIGN_TO_BOUNDARY.cpp">
      <Filter>Test</Filter>
    </ClCompile>
    <ClCompile Include="plain_array_helper.h" />
  </ItemGroup>
  <ItemGroup>
    <ClInclude Include="pch.h" />
    <ClInclude Include="LRF_SSE.h" />
    <ClInclude Include="LRF_AVX.h" />
    <ClInclude Include="Packet4f.h" />
    <ClInclude Include="Packet8f.h" />
    <ClInclude Include="EIGEN_FAST_MATH.h" />
    <ClInclude Include="compute_matrix_flags.h" />
    <ClInclude Include="DirectAccessBit.h" />
    <ClInclude Include="LvalueBit.h" />
    <ClInclude Include="NestByRefBit.h" />
    <ClInclude Include="StorageOptions.h" />
    <ClInclude Include="RowMajorBit.h" />
    <ClInclude Include="size_at_compile_time.h" />
    <ClInclude Include="Dynamic.h" />
    <ClInclude Include="find_best_packet.h" />
    <ClInclude Include="find_best_packet_helper.h" />
    <ClInclude Include="unpacket_traits.h" />
    <ClInclude Include="eigen_packet_wrapper.h" />
    <ClInclude Include="Packet4i.h" />
    <ClInclude Include="AlignmentType.h" />
    <ClInclude Include="is_same.h" />
    <ClInclude Include="compute_default_alignment.h" />
    <ClInclude Include="EIGEN_MAX_STATIC_ALIGN_BYTES.h" />
    <ClInclude Include="EIGEN_MAX_ALIGN_BYTES.h" />
    <ClInclude Include="compute_default_alignment_helper.h" />
    <ClInclude Include="EIGEN_MIN_ALIGN_BYTES.h" />
    <ClInclude Include="EIGEN_UNALIGNED_VECTORIZE.h" />
    <ClInclude Include="PacketAccessBit.h" />
    <ClInclude Include="MatrixXpr.h" />
    <ClInclude Include="LinearAccessBit.h" />
    <ClInclude Include="conditional.h" />
    <ClInclude Include="is_arithmetic.h" />
    <ClInclude Include="add_const_on_value_type_if_arithmetic.h" />
    <ClInclude Include="add_const_on_value_type.h" />
    <ClInclude Include="evaluator.h" />
    <ClInclude Include="AccessorLevels.h" />
    <ClInclude Include="default_packet_traits.h" />
    <ClInclude Include="Dense.h" />
    <ClInclude Include="DenseCoeffsBase.h" />
    <ClInclude Include="EigenBase.h" />
    <ClInclude Include="EIGEN_CONSTEXPR.h" />
    <ClInclude Include="EIGEN_DEFAULT_DENSE_INDEX_TYPE.h" />
    <ClInclude Include="EIGEN_DEVICE_FUNC.h" />
    <ClInclude Include="EIGEN_NOEXCEPT.h" />
    <ClInclude Include="Index.h" />
    <ClInclude Include="LrfDerived.h" />
    <ClInclude Include="LrfHasCols.h" />
    <ClInclude Include="LrfHasRows.h" />
    <ClInclude Include="LrfHasEvalTo.h" />
    <ClInclude Include="EIGEN_STRONG_INLINE.h" />
    <ClInclude Include="Matrix.h" />
    <ClInclude Include="packet_traits.h" />
    <ClInclude Include="SupportAvx512.h" />
    <ClInclude Include="traits.h" />
    <ClInclude Include="unary_evaluator.h" />
    <ClInclude Include="evaluator_traits.h" />
    <ClInclude Include="evaluator_traits_base.h" />
    <ClInclude Include="DenseStorage.h" />
    <ClInclude Include="plain_array.h" />
    <ClInclude Include="EIGEN_ALIGN_TO_BOUNDARY.h" />
    <ClInclude Include="EIGEN_MAKE_UNALIGNED_ARRAY_ASSERT.h" />
    <ClInclude Include="eigen_assert.h" />
    <ClInclude Include="eigen_plain_assert.h" />
    <ClInclude Include="UIntPtr.h" />
    <ClInclude Include="EIGEN_INTERNAL_DENSE_STORAGE_CTOR_PLUGIN.h" />
    <ClInclude Include="smart_copy.h" />
    <ClInclude Include="GenericNumTraits.h" />
  </ItemGroup>
  <ItemGroup>
    <None Include="packages.config" />
    <None Include="index.html" />
    <None Include="Docs\介绍.html">
      <Filter>Docs</Filter>
    </None>
    <None Include="Docs\DenseStorage.html">
      <Filter>Docs</Filter>
    </None>
    <None Include="Docs\内存块.html">
      <Filter>Docs</Filter>
    </None>
    <None Include="Docs\plain_array.html">
      <Filter>Docs</Filter>
    </None>
    <None Include="Docs\compute_default_alignment.html">
      <Filter>Docs</Filter>
    </None>
    <None Include="Docs\EIGEN_MAKE_UNALIGNED_ARRAY_ASSERT.html">
      <Filter>Docs</Filter>
    </None>
    <None Include="Docs\EIGEN_ALIGN_TO_BOUNDARY.html">
      <Filter>Docs</Filter>
    </None>
    <None Include="Docs\EIGEN_INTERNAL_DENSE_STORAGE_CTOR_PLUGIN.html">
      <Filter>Docs</Filter>
    </None>
  </ItemGroup>
  <ItemGroup>
    <Filter Include="Test">
      <UniqueIdentifier>{115ce371-48de-484e-beec-5349198afb13}</UniqueIdentifier>
    </Filter>
    <Filter Include="Docs">
      <UniqueIdentifier>{49896659-a4b6-49f9-b040-8f37a1c2e9ca}</UniqueIdentifier>
    </Filter>
  </ItemGroup>
</Project>